{
  "version": 4,
  "terraform_version": "1.4.5",
  "serial": 50,
  "lineage": "f2a2af86-a914-4af1-1f2e-830fe1774416",
  "outputs": {
    "dags_bucket": {
      "value": "gs://asia-east2-airflow-dataproc-74df7851-bucket/dags",
      "type": "string"
    }
  },
  "resources": [
    {
      "mode": "data",
      "type": "google_service_account",
      "name": "object_viewer",
      "provider": "provider[\"registry.terraform.io/hashicorp/google\"]",
      "instances": [
        {
          "schema_version": 0,
          "attributes": {
            "account_id": "terraform-dev",
            "display_name": "terraform-dev",
            "email": "terraform-dev@kedila-gcp-dev.iam.gserviceaccount.com",
            "id": "projects/kedila-gcp-dev/serviceAccounts/terraform-dev@kedila-gcp-dev.iam.gserviceaccount.com",
            "member": "serviceAccount:terraform-dev@kedila-gcp-dev.iam.gserviceaccount.com",
            "name": "projects/kedila-gcp-dev/serviceAccounts/terraform-dev@kedila-gcp-dev.iam.gserviceaccount.com",
            "project": "kedila-gcp-dev",
            "unique_id": "117363140427427886728"
          },
          "sensitive_attributes": []
        }
      ]
    },
    {
      "mode": "managed",
      "type": "google_composer_environment",
      "name": "test",
      "provider": "provider[\"registry.terraform.io/hashicorp/google\"]",
      "instances": [
        {
          "schema_version": 0,
          "attributes": {
            "config": [
              {
                "airflow_uri": "https://r8f56aaece3c180a0p-tp.appspot.com",
                "dag_gcs_prefix": "gs://asia-east2-airflow-dataproc-74df7851-bucket/dags",
                "database_config": [
                  {
                    "machine_type": "db-n1-standard-2"
                  }
                ],
                "encryption_config": [
                  {
                    "kms_key_name": ""
                  }
                ],
                "environment_size": "",
                "gke_cluster": "projects/kedila-gcp-dev/zones/asia-east2-a/clusters/asia-east2-airflow-dataproc-74df7851-gke",
                "maintenance_window": [
                  {
                    "end_time": "1970-01-01T04:00:00Z",
                    "recurrence": "FREQ=WEEKLY;BYDAY=FR,SA,SU",
                    "start_time": "1970-01-01T00:00:00Z"
                  }
                ],
                "master_authorized_networks_config": [],
                "node_config": [
                  {
                    "disk_size_gb": 100,
                    "enable_ip_masq_agent": false,
                    "ip_allocation_policy": [
                      {
                        "cluster_ipv4_cidr_block": "",
                        "cluster_secondary_range_name": "",
                        "services_ipv4_cidr_block": "",
                        "services_secondary_range_name": "",
                        "use_ip_aliases": false
                      }
                    ],
                    "machine_type": "projects/kedila-gcp-dev/zones/asia-east2-a/machineTypes/n1-standard-1",
                    "network": "projects/kedila-gcp-dev/global/networks/default",
                    "oauth_scopes": [
                      "https://www.googleapis.com/auth/cloud-platform"
                    ],
                    "service_account": "terraform-dev@kedila-gcp-dev.iam.gserviceaccount.com",
                    "subnetwork": "projects/kedila-gcp-dev/regions/asia-east2/subnetworks/default",
                    "tags": null,
                    "zone": "projects/kedila-gcp-dev/zones/asia-east2-a"
                  }
                ],
                "node_count": 3,
                "private_environment_config": [
                  {
                    "cloud_composer_connection_subnetwork": "",
                    "cloud_composer_network_ipv4_cidr_block": "",
                    "cloud_sql_ipv4_cidr_block": "10.0.0.0/12",
                    "enable_private_endpoint": false,
                    "enable_privately_used_public_ips": false,
                    "master_ipv4_cidr_block": "",
                    "web_server_ipv4_cidr_block": "172.31.255.0/24"
                  }
                ],
                "recovery_config": [],
                "software_config": [
                  {
                    "airflow_config_overrides": null,
                    "env_variables": null,
                    "image_version": "composer-1.20.11-airflow-2.3.4",
                    "pypi_packages": null,
                    "python_version": "3",
                    "scheduler_count": 1
                  }
                ],
                "web_server_config": [
                  {
                    "machine_type": "composer-n1-webserver-2"
                  }
                ],
                "web_server_network_access_control": [
                  {
                    "allowed_ip_range": [
                      {
                        "description": "Allows access from all IPv4 addresses (default value)",
                        "value": "0.0.0.0/0"
                      },
                      {
                        "description": "Allows access from all IPv6 addresses (default value)",
                        "value": "::0/0"
                      }
                    ]
                  }
                ],
                "workloads_config": [
                  {
                    "scheduler": [
                      {
                        "count": null,
                        "cpu": null,
                        "memory_gb": null,
                        "storage_gb": null
                      }
                    ],
                    "web_server": [
                      {
                        "cpu": null,
                        "memory_gb": null,
                        "storage_gb": null
                      }
                    ],
                    "worker": [
                      {
                        "cpu": null,
                        "max_count": null,
                        "memory_gb": null,
                        "min_count": null,
                        "storage_gb": null
                      }
                    ]
                  }
                ]
              }
            ],
            "id": "projects/kedila-gcp-dev/locations/asia-east2/environments/airflow-dataproc",
            "labels": null,
            "name": "airflow-dataproc",
            "project": "kedila-gcp-dev",
            "region": "asia-east2",
            "timeouts": null
          },
          "sensitive_attributes": [],
          "private": "eyJlMmJmYjczMC1lY2FhLTExZTYtOGY4OC0zNDM2M2JjN2M0YzAiOnsiY3JlYXRlIjo3MjAwMDAwMDAwMDAwLCJkZWxldGUiOjE4MDAwMDAwMDAwMDAsInVwZGF0ZSI6NzIwMDAwMDAwMDAwMH19"
        }
      ]
    }
  ],
  "check_results": null
}
